
Microsoft Visual Studio Solution File, Format Version 12.00
# Visual Studio Version 17
VisualStudioVersion = 17.6.33829.357
MinimumVisualStudioVersion = 10.0.40219.1
Project("{FAE04EC0-301F-11D3-BF4B-00C04F79EFBC}") = "AddActiveDirectory", "ActiveDirectory1\AddActiveDirectory.csproj", "{2995FB3E-2739-4D26-A03E-DE46CF84F3D3}"
EndProject
Global
	GlobalSection(SolutionConfigurationPlatforms) = preSolution
		Debug|Any CPU = Debug|Any CPU
		Release|Any CPU = Release|Any CPU
	EndGlobalSection
	GlobalSection(ProjectConfigurationPlatforms) = postSolution
		{2995FB3E-2739-4D26-A03E-DE46CF84F3D3}.Debug|Any CPU.ActiveCfg = Debug|Any CPU
		{2995FB3E-2739-4D26-A03E-DE46CF84F3D3}.Debug|Any CPU.Build.0 = Debug|Any CPU
		{2995FB3E-2739-4D26-A03E-DE46CF84F3D3}.Release|Any CPU.ActiveCfg = Release|Any CPU
		{2995FB3E-2739-4D26-A03E-DE46CF84F3D3}.Release|Any CPU.Build.0 = Release|Any CPU
	EndGlobalSection
	GlobalSection(SolutionProperties) = preSolution
		HideSolutionNode = FALSE
	EndGlobalSection
	GlobalSection(ExtensibilityGlobals) = postSolution
		SolutionGuid = {C105EC97-5E53-43D4-8CFE-B2958AED5DFA}
	EndGlobalSection
EndGlobal
