
Microsoft Visual Studio Solution File, Format Version 12.00
# Visual Studio Version 17
VisualStudioVersion = 17.6.33829.357
MinimumVisualStudioVersion = 10.0.40219.1
Project("{FAE04EC0-301F-11D3-BF4B-00C04F79EFBC}") = "WebApplication1", "WebApplication1\WebApplication1.csproj", "{59C0B2F5-2927-404F-9BA5-F618991FC50D}"
EndProject
Global
	GlobalSection(SolutionConfigurationPlatforms) = preSolution
		Debug|Any CPU = Debug|Any CPU
		Release|Any CPU = Release|Any CPU
	EndGlobalSection
	GlobalSection(ProjectConfigurationPlatforms) = postSolution
		{59C0B2F5-2927-404F-9BA5-F618991FC50D}.Debug|Any CPU.ActiveCfg = Debug|Any CPU
		{59C0B2F5-2927-404F-9BA5-F618991FC50D}.Debug|Any CPU.Build.0 = Debug|Any CPU
		{59C0B2F5-2927-404F-9BA5-F618991FC50D}.Release|Any CPU.ActiveCfg = Release|Any CPU
		{59C0B2F5-2927-404F-9BA5-F618991FC50D}.Release|Any CPU.Build.0 = Release|Any CPU
	EndGlobalSection
	GlobalSection(SolutionProperties) = preSolution
		HideSolutionNode = FALSE
	EndGlobalSection
	GlobalSection(ExtensibilityGlobals) = postSolution
		SolutionGuid = {39EC1BD2-788C-4F4D-A9D2-B1298B2FC7AE}
	EndGlobalSection
EndGlobal
