
Microsoft Visual Studio Solution File, Format Version 12.00
# Visual Studio Version 17
VisualStudioVersion = 17.6.33829.357
MinimumVisualStudioVersion = 10.0.40219.1
Project("{FAE04EC0-301F-11D3-BF4B-00C04F79EFBC}") = "ChainOfResponsibility", "ChainOfResponsibility\ChainOfResponsibility.csproj", "{8F10C0D6-6EEE-4FCF-9946-EC6F9987B11A}"
EndProject
Global
	GlobalSection(SolutionConfigurationPlatforms) = preSolution
		Debug|Any CPU = Debug|Any CPU
		Release|Any CPU = Release|Any CPU
	EndGlobalSection
	GlobalSection(ProjectConfigurationPlatforms) = postSolution
		{8F10C0D6-6EEE-4FCF-9946-EC6F9987B11A}.Debug|Any CPU.ActiveCfg = Debug|Any CPU
		{8F10C0D6-6EEE-4FCF-9946-EC6F9987B11A}.Debug|Any CPU.Build.0 = Debug|Any CPU
		{8F10C0D6-6EEE-4FCF-9946-EC6F9987B11A}.Release|Any CPU.ActiveCfg = Release|Any CPU
		{8F10C0D6-6EEE-4FCF-9946-EC6F9987B11A}.Release|Any CPU.Build.0 = Release|Any CPU
	EndGlobalSection
	GlobalSection(SolutionProperties) = preSolution
		HideSolutionNode = FALSE
	EndGlobalSection
	GlobalSection(ExtensibilityGlobals) = postSolution
		SolutionGuid = {28271F8A-8F09-4AA4-9495-FCAF5B752188}
	EndGlobalSection
EndGlobal
